
Microsoft Visual Studio Solution File, Format Version 12.00
# Visual Studio 2013
VisualStudioVersion = 12.0.30501.0
MinimumVisualStudioVersion = 10.0.40219.1
Project("{2150E333-8FDC-42A3-9474-1A3956D46DE8}") = "Engine", "Engine", "{E7A57C42-FDFC-4FE0-A897-7E4B5899868C}"
EndProject
Project("{2150E333-8FDC-42A3-9474-1A3956D46DE8}") = "Games", "Games", "{C670E218-F6A5-4827-A595-FCC43AA37F53}"
EndProject
Project("{8BC9CEB8-8B4A-11D0-8D11-00A0C91BC942}") = "IgnoreTest", "Intermediate\ProjectFiles\IgnoreTest.vcxproj", "{0F360ADD-7C2A-4C1F-BEA9-D071F6D3E64B}"
EndProject
Project("{8BC9CEB8-8B4A-11D0-8D11-00A0C91BC942}") = "UE4", "Intermediate\ProjectFiles\UE4.vcxproj", "{BBDD5091-7573-4933-AD7E-AB477DA9E893}"
EndProject
Global
	GlobalSection(SolutionConfigurationPlatforms) = preSolution
		DebugGame Editor|Windows = DebugGame Editor|Windows
		DebugGame|Windows = DebugGame|Windows
		Development Editor|Windows = Development Editor|Windows
		Development|Windows = Development|Windows
		Shipping|Windows = Shipping|Windows
	EndGlobalSection
	GlobalSection(ProjectConfigurationPlatforms) = postSolution
		{0F360ADD-7C2A-4C1F-BEA9-D071F6D3E64B}.DebugGame Editor|Windows.ActiveCfg = DebugGame_Editor|x64
		{0F360ADD-7C2A-4C1F-BEA9-D071F6D3E64B}.DebugGame Editor|Windows.Build.0 = DebugGame_Editor|x64
		{0F360ADD-7C2A-4C1F-BEA9-D071F6D3E64B}.DebugGame|Windows.ActiveCfg = DebugGame_Game|x64
		{0F360ADD-7C2A-4C1F-BEA9-D071F6D3E64B}.DebugGame|Windows.Build.0 = DebugGame_Game|x64
		{0F360ADD-7C2A-4C1F-BEA9-D071F6D3E64B}.Development Editor|Windows.ActiveCfg = Development_Editor|x64
		{0F360ADD-7C2A-4C1F-BEA9-D071F6D3E64B}.Development Editor|Windows.Build.0 = Development_Editor|x64
		{0F360ADD-7C2A-4C1F-BEA9-D071F6D3E64B}.Development|Windows.ActiveCfg = Development_Game|x64
		{0F360ADD-7C2A-4C1F-BEA9-D071F6D3E64B}.Development|Windows.Build.0 = Development_Game|x64
		{0F360ADD-7C2A-4C1F-BEA9-D071F6D3E64B}.Shipping|Windows.ActiveCfg = Shipping_Game|Win32
		{0F360ADD-7C2A-4C1F-BEA9-D071F6D3E64B}.Shipping|Windows.Build.0 = Shipping_Game|Win32
		{BBDD5091-7573-4933-AD7E-AB477DA9E893}.DebugGame Editor|Windows.ActiveCfg = BuiltWithUnrealBuildTool|Win32
		{BBDD5091-7573-4933-AD7E-AB477DA9E893}.DebugGame|Windows.ActiveCfg = BuiltWithUnrealBuildTool|Win32
		{BBDD5091-7573-4933-AD7E-AB477DA9E893}.Development Editor|Windows.ActiveCfg = BuiltWithUnrealBuildTool|Win32
		{BBDD5091-7573-4933-AD7E-AB477DA9E893}.Development|Windows.ActiveCfg = BuiltWithUnrealBuildTool|Win32
		{BBDD5091-7573-4933-AD7E-AB477DA9E893}.Shipping|Windows.ActiveCfg = BuiltWithUnrealBuildTool|Win32
	EndGlobalSection
	GlobalSection(SolutionProperties) = preSolution
		HideSolutionNode = FALSE
	EndGlobalSection
	GlobalSection(NestedProjects) = preSolution
		{0F360ADD-7C2A-4C1F-BEA9-D071F6D3E64B} = {C670E218-F6A5-4827-A595-FCC43AA37F53}
		{BBDD5091-7573-4933-AD7E-AB477DA9E893} = {E7A57C42-FDFC-4FE0-A897-7E4B5899868C}
	EndGlobalSection
EndGlobal
